# This file is automatically @generated by Poetry and should not be changed by hand.

[[package]]
name = "cpf"
version = "2.1"
description = "Gera e checa CPFs de acordo com o padrão brasileiro."
category = "main"
optional = false
python-versions = "*"
files = [
    {file = "cpf-2.1.tar.gz", hash = "sha256:e88f21389c78d0cd1770933aaf9c2da1b4841c9369d67987319fc621c82d37f7"},
]

[metadata]
lock-version = "2.0"
python-versions = "^3.10"
content-hash = "9c7acc01e753c4cce6f63d387c08966ed9560febe5c8480a185f2c188f8fab2b"
